
Microsoft Visual Studio Solution File, Format Version 12.00
# Visual Studio Version 17
VisualStudioVersion = 17.3.32825.248
MinimumVisualStudioVersion = 10.0.40219.1
Project("{FAE04EC0-301F-11D3-BF4B-00C04F79EFBC}") = "ReactCsvPeople.Web", "ReactCsvPeople.Web\ReactCsvPeople.Web.csproj", "{466CA8B0-A6F7-483C-9AA7-E1C3B9FA6DD6}"
EndProject
Project("{FAE04EC0-301F-11D3-BF4B-00C04F79EFBC}") = "ReactCsvPeople.Data", "ReactCsvPeople.Data\ReactCsvPeople.Data.csproj", "{CB35B7C8-6F01-4200-912C-13371EB50DE7}"
EndProject
Global
	GlobalSection(SolutionConfigurationPlatforms) = preSolution
		Debug|Any CPU = Debug|Any CPU
		Release|Any CPU = Release|Any CPU
	EndGlobalSection
	GlobalSection(ProjectConfigurationPlatforms) = postSolution
		{466CA8B0-A6F7-483C-9AA7-E1C3B9FA6DD6}.Debug|Any CPU.ActiveCfg = Debug|Any CPU
		{466CA8B0-A6F7-483C-9AA7-E1C3B9FA6DD6}.Debug|Any CPU.Build.0 = Debug|Any CPU
		{466CA8B0-A6F7-483C-9AA7-E1C3B9FA6DD6}.Release|Any CPU.ActiveCfg = Release|Any CPU
		{466CA8B0-A6F7-483C-9AA7-E1C3B9FA6DD6}.Release|Any CPU.Build.0 = Release|Any CPU
		{CB35B7C8-6F01-4200-912C-13371EB50DE7}.Debug|Any CPU.ActiveCfg = Debug|Any CPU
		{CB35B7C8-6F01-4200-912C-13371EB50DE7}.Debug|Any CPU.Build.0 = Debug|Any CPU
		{CB35B7C8-6F01-4200-912C-13371EB50DE7}.Release|Any CPU.ActiveCfg = Release|Any CPU
		{CB35B7C8-6F01-4200-912C-13371EB50DE7}.Release|Any CPU.Build.0 = Release|Any CPU
	EndGlobalSection
	GlobalSection(SolutionProperties) = preSolution
		HideSolutionNode = FALSE
	EndGlobalSection
	GlobalSection(ExtensibilityGlobals) = postSolution
		SolutionGuid = {6AB403BB-8EFC-4A44-B68D-BA7D1CB79D72}
	EndGlobalSection
EndGlobal
